{
    "requires": true,
    "lockfileVersion": 1,
    "dependencies": {
        "@types/lodash": {
            "version": "4.14.71",
            "resolved": "https://registry.npmjs.org/@types/lodash/-/lodash-4.14.71.tgz",
            "integrity": "sha512-x9E8HYuhmcQJPjhTd+t0oRXiQCJXoRPSzCOgYKggxtvNb/kGw8RrbdZzCXrQ6i/i4o0TettxyouY7UdbqkS4AQ=="
        },
        "lodash": {
            "version": "4.17.4",
            "resolved": "https://registry.npmjs.org/lodash/-/lodash-4.17.4.tgz",
            "integrity": "sha1-eCA6TRwyiuHYbcpkYONptX9AVa4="
        },
        "typescript": {
            "version": "2.4.2",
            "resolved": "https://registry.npmjs.org/typescript/-/typescript-2.4.2.tgz",
            "integrity": "sha1-+DlfhdRZJ2BnyYiqQYN6j4KHCEQ="
        },
        "xmlhttprequest": {
            "version": "1.8.0",
            "resolved": "https://registry.npmjs.org/xmlhttprequest/-/xmlhttprequest-1.8.0.tgz",
            "integrity": "sha1-Z/4HXFwk/vOfnWX197f+dRcZaPw="
        }
    }
}
